{
  "object": {
    "pins": [
      {
        "package": "Cancer200Api",
        "repositoryURL": "https://github.com/andrewmapimagery/Cancer200Api.git",
        "state": {
          "branch": null,
          "revision": "854e00d1a92b6d68b29dfd6257cbe35d9d5fcbf7",
          "version": "2022.2.471"
        }
      },
      {
        "package": "PKHUD",
        "repositoryURL": "https://github.com/pkluz/PKHUD.git",
        "state": {
          "branch": null,
          "revision": "8fd26f23057c6bebd6695524b1c3e05e93aba571",
          "version": "5.4.0"
        }
      },
      {
        "package": "SnapKit",
        "repositoryURL": "https://github.com/SnapKit/SnapKit.git",
        "state": {
          "branch": null,
          "revision": "f222cbdf325885926566172f6f5f06af95473158",
          "version": "5.6.0"
        }
      },
      {
        "package": "SwiftLocation",
        "repositoryURL": "https://github.com/malcommac/SwiftLocation.git",
        "state": {
          "branch": null,
          "revision": "f8ec8e97095eb3a5312370ad94b921768217625f",
          "version": "5.1.0"
        }
      }
    ]
  },
  "version": 1
}
